{
  "name": "zohotest",
  "version": "0.0.1",
  "lockfileVersion": 1,
  "requires": true,
  "dependencies": {
    "react-native-zohodesk-portal-sdk": {
      "version": "1.0.1",
      "resolved": "https://registry.npmjs.org/react-native-zohodesk-portal-sdk/-/react-native-zohodesk-portal-sdk-1.0.1.tgz",
      "integrity": "sha512-vrTHNheE7bP3aVKWvPON1ExGfkqhpBFznU6BYx16TVzenqgaw87B1YJHmx5YKYCYSPwFSIoEf+FwjOzyyLYpsA=="
    }
  }
}
